#MicroXplorer Configuration settings - do not modify
BSP_IP_NAME=NUCLEO-U575ZI-Q
CAD.formats=
CAD.pinconfig=
CAD.provider=
CORTEX_M33_NS.userName=CORTEX_M33
DAC1.DAC_Channel-DAC_OUT1=DAC_CHANNEL_1
DAC1.IPParameters=DAC_Channel-DAC_OUT1
File.Version=6
GPIO.groupedBy=Group By Peripherals
KeepUserPlacement=false
MMTAppReg1.MEMORYMAP.AP=RW_priv_only
MMTAppReg1.MEMORYMAP.AppRegionName=RAM
MMTAppReg1.MEMORYMAP.ContextName=CortexM33
MMTAppReg1.MEMORYMAP.CoreName=ARM Cortex-M33
MMTAppReg1.MEMORYMAP.DefaultDataRegion=true
MMTAppReg1.MEMORYMAP.IPParameters=StartAddress,Size,CoreName,DefaultDataRegion,ContextName,Name,AP
MMTAppReg1.MEMORYMAP.Name=RAM
MMTAppReg1.MEMORYMAP.Size=786432
MMTAppReg1.MEMORYMAP.StartAddress=0x20000000
MMTAppReg2.MEMORYMAP.AppRegionName=RAM Reserved Alias Region
MMTAppReg2.MEMORYMAP.CoreName=ARM Cortex-M33
MMTAppReg2.MEMORYMAP.DefaultDataRegion=false
MMTAppReg2.MEMORYMAP.IPParameters=StartAddress,Size,CoreName,DefaultDataRegion,ReservedRegion,Name
MMTAppReg2.MEMORYMAP.Name=RAM Reserved Alias Region
MMTAppReg2.MEMORYMAP.ReservedRegion=true
MMTAppReg2.MEMORYMAP.Size=786432
MMTAppReg2.MEMORYMAP.StartAddress=0x0A000000
MMTAppReg3.MEMORYMAP.AP=RO_priv_only
MMTAppReg3.MEMORYMAP.AppRegionName=FLASH
MMTAppReg3.MEMORYMAP.Cacheability=WTRA
MMTAppReg3.MEMORYMAP.ContextName=CortexM33
MMTAppReg3.MEMORYMAP.CoreName=ARM Cortex-M33
MMTAppReg3.MEMORYMAP.DefaultCodeRegion=true
MMTAppReg3.MEMORYMAP.DefaultDataRegion=false
MMTAppReg3.MEMORYMAP.IPParameters=StartAddress,Size,CoreName,DefaultDataRegion,MemType,ContextName,Name,AP,Cacheability,DefaultCodeRegion
MMTAppReg3.MEMORYMAP.MemType=ROM
MMTAppReg3.MEMORYMAP.Name=FLASH
MMTAppReg3.MEMORYMAP.Size=2097152
MMTAppReg3.MEMORYMAP.StartAddress=0x08000000
MMTAppRegionsCount=3
MMTConfigApplied=false
MMTSectionSuffix=
Mcu.CPN=STM32U575ZIT6Q
Mcu.ContextProject=TrustZoneDisabled
Mcu.Family=STM32U5
Mcu.IP0=CORTEX_M33_NS
Mcu.IP1=DAC1
Mcu.IP10=SPI2
Mcu.IP11=SYS
Mcu.IP12=TIM3
Mcu.IP13=TIM6
Mcu.IP2=ICACHE
Mcu.IP3=LPBAM
Mcu.IP4=LPBAMQUEUE
Mcu.IP5=MEMORYMAP
Mcu.IP6=NUCLEO-U575ZI-Q
Mcu.IP7=NVIC
Mcu.IP8=PWR
Mcu.IP9=RCC
Mcu.IPNb=15
Mcu.Name=STM32U575ZITxQ
Mcu.Package=LQFP144
Mcu.Pin0=PE3
Mcu.Pin1=PC13
Mcu.Pin10=PC6
Mcu.Pin11=PC7
Mcu.Pin12=PA9
Mcu.Pin13=PA10
Mcu.Pin14=PB7
Mcu.Pin15=VP_ICACHE_VS_ICACHE
Mcu.Pin16=VP_ICACHE_VS_ENABLE_ICACHE_MEMORY
Mcu.Pin17=VP_LPBAMQUEUE_VS_QUEUE
Mcu.Pin18=VP_PWR_VS_DBSignals
Mcu.Pin19=VP_PWR_VS_SECSignals
Mcu.Pin2=PC1
Mcu.Pin20=VP_PWR_VS_LPOM
Mcu.Pin21=VP_SYS_VS_tim17
Mcu.Pin22=VP_TIM6_VS_ClockSourceINT
Mcu.Pin23=VP_LPBAM_VS_SIG1
Mcu.Pin24=VP_LPBAM_VS_SIG4
Mcu.Pin25=VP_MEMORYMAP_VS_MEMORYMAP
Mcu.Pin26=VP_STMicroelectronics.X-CUBE-AI_VS_ArtificialOoIntelligenceJjXAaCUBEAaAI_10.2.1
Mcu.Pin27=VP_NUCLEO-U575ZI-Q_VS_BSP_COMMON
Mcu.Pin3=PC2
Mcu.Pin4=PC3
Mcu.Pin5=PA4
Mcu.Pin6=PB0
Mcu.Pin7=PB1
Mcu.Pin8=PB10
Mcu.Pin9=PG2
Mcu.PinsNb=28
Mcu.ThirdParty0=STMicroelectronics.X-CUBE-AI.10.2.1
Mcu.ThirdPartyNb=1
Mcu.UserConstants=
Mcu.UserName=STM32U575ZITxQ
MxCube.Version=6.18.0
MxDb.Version=DB.6.0.180
NUCLEO-U575ZI-Q.BUTTON=1
NUCLEO-U575ZI-Q.IPParameters=LD2,BUTTON,LD3,LD1,VCP
NUCLEO-U575ZI-Q.LD1=true
NUCLEO-U575ZI-Q.LD2=true
NUCLEO-U575ZI-Q.LD3=true
NUCLEO-U575ZI-Q.VCP=true
NVIC.BusFault_IRQn=true\:0\:0\:false\:false\:true\:false\:false\:false
NVIC.DebugMonitor_IRQn=true\:0\:0\:false\:false\:true\:false\:false\:false
NVIC.EXTI13_IRQn=true\:0\:0\:false\:false\:true\:false\:true\:true
NVIC.ForceEnableDMAVector=true
NVIC.HardFault_IRQn=true\:0\:0\:false\:false\:true\:false\:false\:false
NVIC.MemoryManagement_IRQn=true\:0\:0\:false\:false\:true\:false\:false\:false
NVIC.NonMaskableInt_IRQn=true\:0\:0\:false\:false\:true\:false\:false\:false
NVIC.PendSV_IRQn=true\:0\:0\:false\:false\:true\:false\:false\:false
NVIC.PriorityGroup=NVIC_PRIORITYGROUP_3
NVIC.SVCall_IRQn=true\:0\:0\:false\:false\:true\:false\:false\:false
NVIC.SysTick_IRQn=true\:0\:0\:false\:false\:true\:false\:true\:false
NVIC.TIM17_IRQn=true\:7\:0\:false\:false\:true\:false\:true\:true
NVIC.TIM3_IRQn=true\:0\:0\:false\:false\:true\:true\:true\:true
NVIC.TIM6_IRQn=true\:0\:0\:false\:false\:true\:true\:true\:true
NVIC.TimeBase=TIM17_IRQn
NVIC.TimeBaseIP=TIM17
NVIC.UsageFault_IRQn=true\:0\:0\:false\:false\:true\:false\:false\:false
PA10.Locked=true
PA10.Signal=USART1_RX
PA4.Signal=COMP_DAC11_group
PA9.Locked=true
PA9.Signal=USART1_TX
PB0.GPIOParameters=GPIO_PuPd,GPIO_Label,GPIO_ModeDefaultOutputPP
PB0.GPIO_Label=DS18B20_DQ
PB0.GPIO_ModeDefaultOutputPP=GPIO_MODE_OUTPUT_OD
PB0.GPIO_PuPd=GPIO_PULLUP
PB0.Locked=true
PB0.Signal=GPIO_Output
PB1.GPIOParameters=GPIO_Label
PB1.GPIO_Label=RELAY_CTRL
PB1.Locked=true
PB1.Signal=GPIO_Output
PB10.Mode=Full_Duplex_Master
PB10.Signal=SPI2_SCK
PB7.Locked=true
PC1.Mode=Full_Duplex_Master
PC1.Signal=SPI2_MOSI
PC13.Locked=true
PC13.Signal=GPIO_Input
PC2.Mode=Full_Duplex_Master
PC2.Signal=SPI2_MISO
PC3.GPIOParameters=PinState,GPIO_Label
PC3.GPIO_Label=ADXL345_CS
PC3.Locked=true
PC3.PinState=GPIO_PIN_SET
PC3.Signal=GPIO_Output
PC6.GPIOParameters=GPIO_Label
PC6.GPIO_Label=BUZZER
PC6.Locked=true
PC6.Signal=GPIO_Output
PC7.Locked=true
PC7.Signal=GPIO_Output
PE3.Signal=S_TIM3_CH1
PG2.Locked=true
PWR.IPParameters=PowerMode
PWR.PowerMode=PWR_SMPS_SUPPLY
PinOutPanel.RotationAngle=0
ProjectManager.AskForMigrate=true
ProjectManager.BackupPrevious=false
ProjectManager.CompilerLinker=GCC
ProjectManager.CompilerOptimize=6
ProjectManager.ComputerToolchain=false
ProjectManager.CoupleFile=true
ProjectManager.CustomerFirmwarePackage=
ProjectManager.DefaultFWLocation=true
ProjectManager.DeletePrevious=false
ProjectManager.DeviceId=STM32U575ZITxQ
ProjectManager.FirmwarePackage=STM32Cube FW_U5 V1.9.0
ProjectManager.FreePins=false
ProjectManager.FreePinsContext=
ProjectManager.HalAssertFull=false
ProjectManager.HeapSize=0x800
ProjectManager.KeepUserCode=true
ProjectManager.LPBAM.generateCode=
ProjectManager.LastFirmware=true
ProjectManager.LibraryCopy=1
ProjectManager.MainLocation=Core/Src
ProjectManager.NoMain=false
ProjectManager.PreviousToolchain=
ProjectManager.ProjectBuild=false
ProjectManager.ProjectFileName=blink_demo.ioc
ProjectManager.ProjectName=blink_demo
ProjectManager.ProjectStructure=
ProjectManager.RegisterCallBack=
ProjectManager.StackSize=0x800
ProjectManager.TargetToolchain=CMake
ProjectManager.TemplateDestinationPath=D\:\\STM32\\blink_demo
ProjectManager.TemplateSourcePath=C\:\\Program Files\\STMicroelectronics\\STM32Cube\\STM32CubeMX\\db\\extra_templates
ProjectManager.ToolChainLocation=
ProjectManager.UAScriptAfterPath=
ProjectManager.UAScriptBeforePath=
ProjectManager.UnderRoot=false
ProjectManager.functionlistsort=1-SystemClock_Config-RCC-false-HAL-false,2-MX_GPIO_Init-GPIO-false-HAL-true,3-MX_ICACHE_Init-ICACHE-false-HAL-true,4-MX_SPI2_Init-SPI2-false-HAL-true,5-MX_TIM6_Init-TIM6-false-HAL-true,0-MX_CORTEX_M33_NS_Init-CORTEX_M33_NS-false-HAL-true,0-MX_PWR_Init-PWR-false-HAL-true,false-0--NUCLEO-U575ZI-Q-true-HAL-true
RCC.ADCCLockSelection=RCC_ADCDACCLKSOURCE_PLL2
RCC.ADCFreq_Value=160000000
RCC.ADF1Freq_Value=160000000
RCC.AHBFreq_Value=160000000
RCC.APB1Freq_Value=160000000
RCC.APB1TimFreq_Value=160000000
RCC.APB2Freq_Value=160000000
RCC.APB2TimFreq_Value=160000000
RCC.APB3Freq_Value=160000000
RCC.CK48Freq_Value=48000000
RCC.CRSFreq_Value=48000000
RCC.CortexFreq_Value=160000000
RCC.DACCLockSelectionVirtual=RCC_DAC1CLKSOURCE_LSI
RCC.DACFreq_Value=32000
RCC.EPOD_VALUE=48000000
RCC.FCLKCortexFreq_Value=160000000
RCC.FDCANFreq_Value=80000000
RCC.FamilyName=M
RCC.HCLKFreq_Value=160000000
RCC.HSE_VALUE=16000000
RCC.HSI48_VALUE=48000000
RCC.HSI_VALUE=16000000
RCC.I2C1Freq_Value=160000000
RCC.I2C2Freq_Value=160000000
RCC.I2C3Freq_Value=160000000
RCC.I2C4Freq_Value=160000000
RCC.IPParameters=ADCCLockSelection,ADCFreq_Value,ADF1Freq_Value,AHBFreq_Value,APB1Freq_Value,APB1TimFreq_Value,APB2Freq_Value,APB2TimFreq_Value,APB3Freq_Value,CK48Freq_Value,CRSFreq_Value,CortexFreq_Value,DACCLockSelectionVirtual,DACFreq_Value,EPOD_VALUE,FCLKCortexFreq_Value,FDCANFreq_Value,FamilyName,HCLKFreq_Value,HSE_VALUE,HSI48_VALUE,HSI_VALUE,I2C1Freq_Value,I2C2Freq_Value,I2C3Freq_Value,I2C4Freq_Value,LPTIM2Freq_Value,LPUART1Freq_Value,LSCOPinFreq_Value,LSE_VALUE,LSIDIV_VALUE,LSI_VALUE,MCO1PinFreq_Value,MDF1Freq_Value,MSIClockRange,MSI_VALUE,OCTOSPIMFreq_Value,PLL1R,PLL2M,PLL2N,PLL2PoutputFreq_Value,PLL2QoutputFreq_Value,PLL2RoutputFreq_Value,PLL3PoutputFreq_Value,PLL3QoutputFreq_Value,PLL3RoutputFreq_Value,PLLM,PLLN,PLLPoutputFreq_Value,PLLQoutputFreq_Value,PLLRCLKFreq_Value,PWR_Regulator_Voltage_Scale,RNGFreq_Value,SAI1Freq_Value,SAI2Freq_Value,SDMMCFreq_Value,SPI1Freq_Value,SPI2Freq_Value,SPI3Freq_Value,SYSCLKFreq_VALUE,SYSCLKSource,UART4Freq_Value,UART5Freq_Value,USART1Freq_Value,USART2Freq_Value,USART3Freq_Value,USBFreq_Value,VCOInput2Freq_Value,VCOInput3Freq_Value,VCOInputFreq_Value,VCOOutputFreq_Value,VCOPLL2OutputFreq_Value,VCOPLL3OutputFreq_Value
RCC.LPTIM2Freq_Value=160000000
RCC.LPUART1Freq_Value=160000000
RCC.LSCOPinFreq_Value=32000
RCC.LSE_VALUE=32768
RCC.LSIDIV_VALUE=32000
RCC.LSI_VALUE=32000
RCC.MCO1PinFreq_Value=160000000
RCC.MDF1Freq_Value=160000000
RCC.MSIClockRange=RCC_MSIRANGE_0
RCC.MSI_VALUE=48000000
RCC.OCTOSPIMFreq_Value=160000000
RCC.PLL1R=1
RCC.PLL2M=3
RCC.PLL2N=20
RCC.PLL2PoutputFreq_Value=160000000
RCC.PLL2QoutputFreq_Value=160000000
RCC.PLL2RoutputFreq_Value=160000000
RCC.PLL3PoutputFreq_Value=3096000000
RCC.PLL3QoutputFreq_Value=3096000000
RCC.PLL3RoutputFreq_Value=3096000000
RCC.PLLM=3
RCC.PLLN=10
RCC.PLLPoutputFreq_Value=80000000
RCC.PLLQoutputFreq_Value=80000000
RCC.PLLRCLKFreq_Value=160000000
RCC.PWR_Regulator_Voltage_Scale=PWR_REGULATOR_VOLTAGE_SCALE1
RCC.RNGFreq_Value=48000000
RCC.SAI1Freq_Value=160000000
RCC.SAI2Freq_Value=160000000
RCC.SDMMCFreq_Value=80000000
RCC.SPI1Freq_Value=160000000
RCC.SPI2Freq_Value=160000000
RCC.SPI3Freq_Value=160000000
RCC.SYSCLKFreq_VALUE=160000000
RCC.SYSCLKSource=RCC_SYSCLKSOURCE_PLLCLK
RCC.UART4Freq_Value=160000000
RCC.UART5Freq_Value=160000000
RCC.USART1Freq_Value=160000000
RCC.USART2Freq_Value=160000000
RCC.USART3Freq_Value=160000000
RCC.USBFreq_Value=48000000
RCC.VCOInput2Freq_Value=16000000
RCC.VCOInput3Freq_Value=48000000
RCC.VCOInputFreq_Value=16000000
RCC.VCOOutputFreq_Value=160000000
RCC.VCOPLL2OutputFreq_Value=320000000
RCC.VCOPLL3OutputFreq_Value=6192000000
SH.COMP_DAC11_group.0=DAC1_OUT1,DAC_OUT1
SH.COMP_DAC11_group.ConfNb=1
SH.S_TIM3_CH1.0=TIM3_CH1,Input_Capture1_from_TI1
SH.S_TIM3_CH1.ConfNb=1
SPI2.BaudRatePrescaler=SPI_BAUDRATEPRESCALER_32
SPI2.CLKPolarity=SPI_POLARITY_HIGH
SPI2.CalculateBaudRate=5.0 MBits/s
SPI2.DataSize=SPI_DATASIZE_8BIT
SPI2.Direction=SPI_DIRECTION_2LINES
SPI2.IPParameters=VirtualType,Mode,Direction,CalculateBaudRate,DataSize,BaudRatePrescaler,CLKPolarity
SPI2.Mode=SPI_MODE_MASTER
SPI2.VirtualType=VM_MASTER
STMicroelectronics.X-CUBE-AI.10.2.1.ActivationBufferSizeList=23648
STMicroelectronics.X-CUBE-AI.10.2.1.ActivationBuffers=pool0
STMicroelectronics.X-CUBE-AI.10.2.1.ActivationNames=pool0
STMicroelectronics.X-CUBE-AI.10.2.1.ActivationSizes=AI_BEARING_CNN_DATA_ACTIVATION_1_SIZE
STMicroelectronics.X-CUBE-AI.10.2.1.ArtificialOoIntelligenceJjXAaCUBEAaAI_Checked=true
STMicroelectronics.X-CUBE-AI.10.2.1.HeapSize=0x800
STMicroelectronics.X-CUBE-AI.10.2.1.IPParameters=HeapSize,StackSize,ModelHashList,ModelNameList,WorkingBufferStartAddrList,ModelName-1365026cf679930af0af667c2cbd3b44e52ef7d46da0c32e2e566eb4cdc6b9ab,ModelKind-1365026cf679930af0af667c2cbd3b44e52ef7d46da0c32e2e566eb4cdc6b9ab,ModelCompression-1365026cf679930af0af667c2cbd3b44e52ef7d46da0c32e2e566eb4cdc6b9ab,ModelType-1365026cf679930af0af667c2cbd3b44e52ef7d46da0c32e2e566eb4cdc6b9ab,LatestDirectoryUsed-1365026cf679930af0af667c2cbd3b44e52ef7d46da0c32e2e566eb4cdc6b9ab,ModelStructureFile-1365026cf679930af0af667c2cbd3b44e52ef7d46da0c32e2e566eb4cdc6b9ab,ModelMacc-1365026cf679930af0af667c2cbd3b44e52ef7d46da0c32e2e566eb4cdc6b9ab,ModelActualCompression-1365026cf679930af0af667c2cbd3b44e52ef7d46da0c32e2e566eb4cdc6b9ab,ModelRamOccupation-1365026cf679930af0af667c2cbd3b44e52ef7d46da0c32e2e566eb4cdc6b9ab,ModelFlashOccupation-1365026cf679930af0af667c2cbd3b44e52ef7d46da0c32e2e566eb4cdc6b9ab,copyWeightToRam-1365026cf679930af0af667c2cbd3b44e52ef7d46da0c32e2e566eb4cdc6b9ab,useInputAllocation-1365026cf679930af0af667c2cbd3b44e52ef7d46da0c32e2e566eb4cdc6b9ab,useOutputAllocation-1365026cf679930af0af667c2cbd3b44e52ef7d46da0c32e2e566eb4cdc6b9ab,customLayerConfigEnabled-1365026cf679930af0af667c2cbd3b44e52ef7d46da0c32e2e566eb4cdc6b9ab,noOnnxIoTranspose-1365026cf679930af0af667c2cbd3b44e52ef7d46da0c32e2e566eb4cdc6b9ab,ActivationBuffers,ActivationSizes,ActivationNames,InternalRamActivationBufferMaxSize,ActivationBufferSizeList,MaximumNumberOfInputLayer,MaximumNumberOfOutputLayer,MaximumSizeOfInputLayer,MaximumSizeOfOutputLayer,ReadyForCodeGeneration,XAaCUBEAaAICcArtificialOoIntelligenceJjCore
STMicroelectronics.X-CUBE-AI.10.2.1.InternalRamActivationBufferMaxSize=AI_BEARING_CNN_DATA_ACTIVATIONS_SIZE
STMicroelectronics.X-CUBE-AI.10.2.1.LatestDirectoryUsed-1365026cf679930af0af667c2cbd3b44e52ef7d46da0c32e2e566eb4cdc6b9ab=D\:\\trae-Campus-food-ordering\\model\\runs
STMicroelectronics.X-CUBE-AI.10.2.1.MaximumNumberOfInputLayer=1
STMicroelectronics.X-CUBE-AI.10.2.1.MaximumNumberOfOutputLayer=1
STMicroelectronics.X-CUBE-AI.10.2.1.MaximumSizeOfInputLayer=1
STMicroelectronics.X-CUBE-AI.10.2.1.MaximumSizeOfOutputLayer=1
STMicroelectronics.X-CUBE-AI.10.2.1.ModelActualCompression-1365026cf679930af0af667c2cbd3b44e52ef7d46da0c32e2e566eb4cdc6b9ab=0.0
STMicroelectronics.X-CUBE-AI.10.2.1.ModelCompression-1365026cf679930af0af667c2cbd3b44e52ef7d46da0c32e2e566eb4cdc6b9ab=High
STMicroelectronics.X-CUBE-AI.10.2.1.ModelFlashOccupation-1365026cf679930af0af667c2cbd3b44e52ef7d46da0c32e2e566eb4cdc6b9ab=116912
STMicroelectronics.X-CUBE-AI.10.2.1.ModelHashList=1365026cf679930af0af667c2cbd3b44e52ef7d46da0c32e2e566eb4cdc6b9ab
STMicroelectronics.X-CUBE-AI.10.2.1.ModelKind-1365026cf679930af0af667c2cbd3b44e52ef7d46da0c32e2e566eb4cdc6b9ab=ONNX
STMicroelectronics.X-CUBE-AI.10.2.1.ModelMacc-1365026cf679930af0af667c2cbd3b44e52ef7d46da0c32e2e566eb4cdc6b9ab=4796884
STMicroelectronics.X-CUBE-AI.10.2.1.ModelName-1365026cf679930af0af667c2cbd3b44e52ef7d46da0c32e2e566eb4cdc6b9ab=bearing_cnn
STMicroelectronics.X-CUBE-AI.10.2.1.ModelNameList=bearing_cnn
STMicroelectronics.X-CUBE-AI.10.2.1.ModelRamOccupation-1365026cf679930af0af667c2cbd3b44e52ef7d46da0c32e2e566eb4cdc6b9ab=23648
STMicroelectronics.X-CUBE-AI.10.2.1.ModelStructureFile-1365026cf679930af0af667c2cbd3b44e52ef7d46da0c32e2e566eb4cdc6b9ab=D\:\\trae-Campus-food-ordering\\model\\runs\\best_model.onnx
STMicroelectronics.X-CUBE-AI.10.2.1.ModelType-1365026cf679930af0af667c2cbd3b44e52ef7d46da0c32e2e566eb4cdc6b9ab=STM32Cube.AI MCU runtime
STMicroelectronics.X-CUBE-AI.10.2.1.ReadyForCodeGeneration=true
STMicroelectronics.X-CUBE-AI.10.2.1.StackSize=0x800
STMicroelectronics.X-CUBE-AI.10.2.1.WorkingBufferStartAddrList=0xFFFFFFFF
STMicroelectronics.X-CUBE-AI.10.2.1.XAaCUBEAaAICcArtificialOoIntelligenceJjCore=true
STMicroelectronics.X-CUBE-AI.10.2.1.copyWeightToRam-1365026cf679930af0af667c2cbd3b44e52ef7d46da0c32e2e566eb4cdc6b9ab=false
STMicroelectronics.X-CUBE-AI.10.2.1.customLayerConfigEnabled-1365026cf679930af0af667c2cbd3b44e52ef7d46da0c32e2e566eb4cdc6b9ab=false
STMicroelectronics.X-CUBE-AI.10.2.1.noOnnxIoTranspose-1365026cf679930af0af667c2cbd3b44e52ef7d46da0c32e2e566eb4cdc6b9ab=false
STMicroelectronics.X-CUBE-AI.10.2.1.useInputAllocation-1365026cf679930af0af667c2cbd3b44e52ef7d46da0c32e2e566eb4cdc6b9ab=true
STMicroelectronics.X-CUBE-AI.10.2.1.useOutputAllocation-1365026cf679930af0af667c2cbd3b44e52ef7d46da0c32e2e566eb4cdc6b9ab=true
STMicroelectronics.X-CUBE-AI.10.2.1_SwParameter=XAaCUBEAaAICcArtificialOoIntelligenceJjCore\:true;
TIM3.Channel-Input_Capture1_from_TI1=TIM_CHANNEL_1
TIM3.IPParameters=Channel-Input_Capture1_from_TI1,Prescaler
TIM3.Prescaler=159
TIM6.AutoReloadPreload=TIM_AUTORELOAD_PRELOAD_ENABLE
TIM6.IPParameters=Prescaler,PeriodNoDither,AutoReloadPreload
TIM6.PeriodNoDither=999
TIM6.Prescaler=39
VP_ICACHE_VS_ENABLE_ICACHE_MEMORY.Mode=Memoryregions
VP_ICACHE_VS_ENABLE_ICACHE_MEMORY.Signal=ICACHE_VS_ENABLE_ICACHE_MEMORY
VP_ICACHE_VS_ICACHE.Mode=DirectMappedCache
VP_ICACHE_VS_ICACHE.Signal=ICACHE_VS_ICACHE
VP_LPBAMQUEUE_VS_QUEUE.Mode=QUEUEMODE
VP_LPBAMQUEUE_VS_QUEUE.Signal=LPBAMQUEUE_VS_QUEUE
VP_LPBAM_VS_SIG1.Mode=SmartRun
VP_LPBAM_VS_SIG1.Signal=LPBAM_VS_SIG1
VP_LPBAM_VS_SIG4.Mode=LPDMA1
VP_LPBAM_VS_SIG4.Signal=LPBAM_VS_SIG4
VP_MEMORYMAP_VS_MEMORYMAP.Mode=CurAppReg
VP_MEMORYMAP_VS_MEMORYMAP.Signal=MEMORYMAP_VS_MEMORYMAP
VP_NUCLEO-U575ZI-Q_VS_BSP_COMMON.Mode=COMMON
VP_NUCLEO-U575ZI-Q_VS_BSP_COMMON.Signal=NUCLEO-U575ZI-Q_VS_BSP_COMMON
VP_PWR_VS_DBSignals.Mode=DisableDeadBatterySignals
VP_PWR_VS_DBSignals.Signal=PWR_VS_DBSignals
VP_PWR_VS_LPOM.Mode=PowerOptimisation
VP_PWR_VS_LPOM.Signal=PWR_VS_LPOM
VP_PWR_VS_SECSignals.Mode=Security/Privilege
VP_PWR_VS_SECSignals.Signal=PWR_VS_SECSignals
VP_STMicroelectronics.X-CUBE-AI_VS_ArtificialOoIntelligenceJjXAaCUBEAaAI_10.2.1.Mode=ArtificialOoIntelligenceJjXAaCUBEAaAI
VP_STMicroelectronics.X-CUBE-AI_VS_ArtificialOoIntelligenceJjXAaCUBEAaAI_10.2.1.Signal=STMicroelectronics.X-CUBE-AI_VS_ArtificialOoIntelligenceJjXAaCUBEAaAI_10.2.1
VP_SYS_VS_tim17.Mode=TIM17
VP_SYS_VS_tim17.Signal=SYS_VS_tim17
VP_TIM6_VS_ClockSourceINT.Mode=Enable_Timer
VP_TIM6_VS_ClockSourceINT.Signal=TIM6_VS_ClockSourceINT
board=NUCLEO-U575ZI-Q
boardIOC=true
